# This file is @generated by PDM.
# It is not intended for manual editing.

[metadata]
groups = ["default"]
strategy = ["cross_platform", "inherit_metadata"]
lock_version = "4.4.1"
content_hash = "sha256:8ce36540c4e5dcae4ec9daad0c3b7a9b3f88b4a01c0b557ebf00af2f18a50010"

[[package]]
name = "brainspace"
version = "0.1.10"
requires_python = ">=3.5"
summary = "Cortical gradients and beyond"
groups = ["default"]
dependencies = [
    "matplotlib>=2.0.0",
    "nibabel",
    "numpy>=1.11.0",
    "pandas",
    "pillow",
    "scikit-learn>=0.20.0",
    "scipy>=0.17.0",
    "vtk>=8.1.0",
]
files = [
    {file = "brainspace-0.1.10-py3-none-any.whl", hash = "sha256:6ab0f732bb04134792685200317777243b6f8d6ddc7a8f06558ab6444da93fe6"},
    {file = "brainspace-0.1.10.tar.gz", hash = "sha256:cea5a454dc4e31b9bdce8d208e155897d98fffcb19cb623c685380977f0c9a57"},
]

[[package]]
name = "contourpy"
version = "1.2.1"
requires_python = ">=3.9"
summary = "Python library for calculating contours of 2D quadrilateral grids"
groups = ["default"]
dependencies = [
    "numpy>=1.20",
]
files = [
    {file = "contourpy-1.2.1-cp312-cp312-macosx_10_9_x86_64.whl", hash = "sha256:62828cada4a2b850dbef89c81f5a33741898b305db244904de418cc957ff05dc"},
    {file = "contourpy-1.2.1-cp312-cp312-macosx_11_0_arm64.whl", hash = "sha256:309be79c0a354afff9ff7da4aaed7c3257e77edf6c1b448a779329431ee79d7e"},
    {file = "contourpy-1.2.1-cp312-cp312-manylinux_2_17_aarch64.manylinux2014_aarch64.whl", hash = "sha256:2e785e0f2ef0d567099b9ff92cbfb958d71c2d5b9259981cd9bee81bd194c9a4"},
    {file = "contourpy-1.2.1-cp312-cp312-manylinux_2_17_ppc64le.manylinux2014_ppc64le.whl", hash = "sha256:1cac0a8f71a041aa587410424ad46dfa6a11f6149ceb219ce7dd48f6b02b87a7"},
    {file = "contourpy-1.2.1-cp312-cp312-manylinux_2_17_s390x.manylinux2014_s390x.whl", hash = "sha256:af3f4485884750dddd9c25cb7e3915d83c2db92488b38ccb77dd594eac84c4a0"},
    {file = "contourpy-1.2.1-cp312-cp312-manylinux_2_17_x86_64.manylinux2014_x86_64.whl", hash = "sha256:9ce6889abac9a42afd07a562c2d6d4b2b7134f83f18571d859b25624a331c90b"},
    {file = "contourpy-1.2.1-cp312-cp312-musllinux_1_1_aarch64.whl", hash = "sha256:a1eea9aecf761c661d096d39ed9026574de8adb2ae1c5bd7b33558af884fb2ce"},
    {file = "contourpy-1.2.1-cp312-cp312-musllinux_1_1_x86_64.whl", hash = "sha256:187fa1d4c6acc06adb0fae5544c59898ad781409e61a926ac7e84b8f276dcef4"},
    {file = "contourpy-1.2.1-cp312-cp312-win32.whl", hash = "sha256:c2528d60e398c7c4c799d56f907664673a807635b857df18f7ae64d3e6ce2d9f"},
    {file = "contourpy-1.2.1-cp312-cp312-win_amd64.whl", hash = "sha256:1a07fc092a4088ee952ddae19a2b2a85757b923217b7eed584fdf25f53a6e7ce"},
    {file = "contourpy-1.2.1-pp39-pypy39_pp73-macosx_10_9_x86_64.whl", hash = "sha256:a31f94983fecbac95e58388210427d68cd30fe8a36927980fab9c20062645609"},
    {file = "contourpy-1.2.1-pp39-pypy39_pp73-manylinux_2_17_x86_64.manylinux2014_x86_64.whl", hash = "sha256:ef2b055471c0eb466033760a521efb9d8a32b99ab907fc8358481a1dd29e3bd3"},
    {file = "contourpy-1.2.1-pp39-pypy39_pp73-win_amd64.whl", hash = "sha256:b33d2bc4f69caedcd0a275329eb2198f560b325605810895627be5d4b876bf7f"},
    {file = "contourpy-1.2.1.tar.gz", hash = "sha256:4d8908b3bee1c889e547867ca4cdc54e5ab6be6d3e078556814a22457f49423c"},
]

[[package]]
name = "cycler"
version = "0.12.1"
requires_python = ">=3.8"
summary = "Composable style cycles"
groups = ["default"]
files = [
    {file = "cycler-0.12.1-py3-none-any.whl", hash = "sha256:85cef7cff222d8644161529808465972e51340599459b8ac3ccbac5a854e0d30"},
    {file = "cycler-0.12.1.tar.gz", hash = "sha256:88bb128f02ba341da8ef447245a9e138fae777f6a23943da4540077d3601eb1c"},
]

[[package]]
name = "deprecation"
version = "2.1.0"
summary = "A library to handle automated deprecations"
groups = ["default"]
dependencies = [
    "packaging",
]
files = [
    {file = "deprecation-2.1.0-py2.py3-none-any.whl", hash = "sha256:a10811591210e1fb0e768a8c25517cabeabcba6f0bf96564f8ff45189f90b14a"},
    {file = "deprecation-2.1.0.tar.gz", hash = "sha256:72b3bde64e5d778694b0cf68178aed03d15e15477116add3fb773e581f9518ff"},
]

[[package]]
name = "fonttools"
version = "4.51.0"
requires_python = ">=3.8"
summary = "Tools to manipulate font files"
groups = ["default"]
files = [
    {file = "fonttools-4.51.0-cp312-cp312-macosx_10_9_universal2.whl", hash = "sha256:4060acc2bfa2d8e98117828a238889f13b6f69d59f4f2d5857eece5277b829ba"},
    {file = "fonttools-4.51.0-cp312-cp312-macosx_10_9_x86_64.whl", hash = "sha256:1250e818b5f8a679ad79660855528120a8f0288f8f30ec88b83db51515411fcc"},
    {file = "fonttools-4.51.0-cp312-cp312-manylinux_2_17_aarch64.manylinux2014_aarch64.whl", hash = "sha256:76f1777d8b3386479ffb4a282e74318e730014d86ce60f016908d9801af9ca2a"},
    {file = "fonttools-4.51.0-cp312-cp312-manylinux_2_5_x86_64.manylinux1_x86_64.manylinux_2_17_x86_64.manylinux2014_x86_64.whl", hash = "sha256:8b5ad456813d93b9c4b7ee55302208db2b45324315129d85275c01f5cb7e61a2"},
    {file = "fonttools-4.51.0-cp312-cp312-musllinux_1_1_aarch64.whl", hash = "sha256:68b3fb7775a923be73e739f92f7e8a72725fd333eab24834041365d2278c3671"},
    {file = "fonttools-4.51.0-cp312-cp312-musllinux_1_1_x86_64.whl", hash = "sha256:8e2f1a4499e3b5ee82c19b5ee57f0294673125c65b0a1ff3764ea1f9db2f9ef5"},
    {file = "fonttools-4.51.0-cp312-cp312-win32.whl", hash = "sha256:278e50f6b003c6aed19bae2242b364e575bcb16304b53f2b64f6551b9c000e15"},
    {file = "fonttools-4.51.0-cp312-cp312-win_amd64.whl", hash = "sha256:b3c61423f22165541b9403ee39874dcae84cd57a9078b82e1dce8cb06b07fa2e"},
    {file = "fonttools-4.51.0-py3-none-any.whl", hash = "sha256:15c94eeef6b095831067f72c825eb0e2d48bb4cea0647c1b05c981ecba2bf39f"},
    {file = "fonttools-4.51.0.tar.gz", hash = "sha256:dc0673361331566d7a663d7ce0f6fdcbfbdc1f59c6e3ed1165ad7202ca183c68"},
]

[[package]]
name = "joblib"
version = "1.4.0"
requires_python = ">=3.8"
summary = "Lightweight pipelining with Python functions"
groups = ["default"]
files = [
    {file = "joblib-1.4.0-py3-none-any.whl", hash = "sha256:42942470d4062537be4d54c83511186da1fc14ba354961a2114da91efa9a4ed7"},
    {file = "joblib-1.4.0.tar.gz", hash = "sha256:1eb0dc091919cd384490de890cb5dfd538410a6d4b3b54eef09fb8c50b409b1c"},
]

[[package]]
name = "kiwisolver"
version = "1.4.5"
requires_python = ">=3.7"
summary = "A fast implementation of the Cassowary constraint solver"
groups = ["default"]
files = [
    {file = "kiwisolver-1.4.5-cp312-cp312-macosx_10_9_universal2.whl", hash = "sha256:32d5cf40c4f7c7b3ca500f8985eb3fb3a7dfc023215e876f207956b5ea26632a"},
    {file = "kiwisolver-1.4.5-cp312-cp312-macosx_10_9_x86_64.whl", hash = "sha256:f846c260f483d1fd217fe5ed7c173fb109efa6b1fc8381c8b7552c5781756192"},
    {file = "kiwisolver-1.4.5-cp312-cp312-macosx_11_0_arm64.whl", hash = "sha256:5ff5cf3571589b6d13bfbfd6bcd7a3f659e42f96b5fd1c4830c4cf21d4f5ef45"},
    {file = "kiwisolver-1.4.5-cp312-cp312-manylinux_2_12_i686.manylinux2010_i686.manylinux_2_17_i686.manylinux2014_i686.whl", hash = "sha256:7269d9e5f1084a653d575c7ec012ff57f0c042258bf5db0954bf551c158466e7"},
    {file = "kiwisolver-1.4.5-cp312-cp312-manylinux_2_17_aarch64.manylinux2014_aarch64.whl", hash = "sha256:da802a19d6e15dffe4b0c24b38b3af68e6c1a68e6e1d8f30148c83864f3881db"},
    {file = "kiwisolver-1.4.5-cp312-cp312-manylinux_2_17_ppc64le.manylinux2014_ppc64le.whl", hash = "sha256:3aba7311af82e335dd1e36ffff68aaca609ca6290c2cb6d821a39aa075d8e3ff"},
    {file = "kiwisolver-1.4.5-cp312-cp312-manylinux_2_17_s390x.manylinux2014_s390x.whl", hash = "sha256:763773d53f07244148ccac5b084da5adb90bfaee39c197554f01b286cf869228"},
    {file = "kiwisolver-1.4.5-cp312-cp312-manylinux_2_17_x86_64.manylinux2014_x86_64.whl", hash = "sha256:2270953c0d8cdab5d422bee7d2007f043473f9d2999631c86a223c9db56cbd16"},
    {file = "kiwisolver-1.4.5-cp312-cp312-musllinux_1_1_aarch64.whl", hash = "sha256:d099e745a512f7e3bbe7249ca835f4d357c586d78d79ae8f1dcd4d8adeb9bda9"},
    {file = "kiwisolver-1.4.5-cp312-cp312-musllinux_1_1_i686.whl", hash = "sha256:74db36e14a7d1ce0986fa104f7d5637aea5c82ca6326ed0ec5694280942d1162"},
    {file = "kiwisolver-1.4.5-cp312-cp312-musllinux_1_1_ppc64le.whl", hash = "sha256:7e5bab140c309cb3a6ce373a9e71eb7e4873c70c2dda01df6820474f9889d6d4"},
    {file = "kiwisolver-1.4.5-cp312-cp312-musllinux_1_1_s390x.whl", hash = "sha256:0f114aa76dc1b8f636d077979c0ac22e7cd8f3493abbab152f20eb8d3cda71f3"},
    {file = "kiwisolver-1.4.5-cp312-cp312-musllinux_1_1_x86_64.whl", hash = "sha256:88a2df29d4724b9237fc0c6eaf2a1adae0cdc0b3e9f4d8e7dc54b16812d2d81a"},
    {file = "kiwisolver-1.4.5-cp312-cp312-win32.whl", hash = "sha256:72d40b33e834371fd330fb1472ca19d9b8327acb79a5821d4008391db8e29f20"},
    {file = "kiwisolver-1.4.5-cp312-cp312-win_amd64.whl", hash = "sha256:2c5674c4e74d939b9d91dda0fae10597ac7521768fec9e399c70a1f27e2ea2d9"},
    {file = "kiwisolver-1.4.5-pp37-pypy37_pp73-macosx_10_9_x86_64.whl", hash = "sha256:5c7b3b3a728dc6faf3fc372ef24f21d1e3cee2ac3e9596691d746e5a536de920"},
    {file = "kiwisolver-1.4.5-pp37-pypy37_pp73-manylinux_2_12_i686.manylinux2010_i686.whl", hash = "sha256:620ced262a86244e2be10a676b646f29c34537d0d9cc8eb26c08f53d98013390"},
    {file = "kiwisolver-1.4.5-pp37-pypy37_pp73-manylinux_2_12_x86_64.manylinux2010_x86_64.whl", hash = "sha256:378a214a1e3bbf5ac4a8708304318b4f890da88c9e6a07699c4ae7174c09a68d"},
    {file = "kiwisolver-1.4.5-pp37-pypy37_pp73-manylinux_2_17_aarch64.manylinux2014_aarch64.whl", hash = "sha256:aaf7be1207676ac608a50cd08f102f6742dbfc70e8d60c4db1c6897f62f71523"},
    {file = "kiwisolver-1.4.5-pp37-pypy37_pp73-win_amd64.whl", hash = "sha256:ba55dce0a9b8ff59495ddd050a0225d58bd0983d09f87cfe2b6aec4f2c1234e4"},
    {file = "kiwisolver-1.4.5-pp38-pypy38_pp73-macosx_10_9_x86_64.whl", hash = "sha256:fd32ea360bcbb92d28933fc05ed09bffcb1704ba3fc7942e81db0fd4f81a7892"},
    {file = "kiwisolver-1.4.5-pp38-pypy38_pp73-manylinux_2_12_i686.manylinux2010_i686.whl", hash = "sha256:5e7139af55d1688f8b960ee9ad5adafc4ac17c1c473fe07133ac092310d76544"},
    {file = "kiwisolver-1.4.5-pp38-pypy38_pp73-manylinux_2_12_x86_64.manylinux2010_x86_64.whl", hash = "sha256:dced8146011d2bc2e883f9bd68618b8247387f4bbec46d7392b3c3b032640126"},
    {file = "kiwisolver-1.4.5-pp38-pypy38_pp73-manylinux_2_17_aarch64.manylinux2014_aarch64.whl", hash = "sha256:c9bf3325c47b11b2e51bca0824ea217c7cd84491d8ac4eefd1e409705ef092bd"},
    {file = "kiwisolver-1.4.5-pp38-pypy38_pp73-win_amd64.whl", hash = "sha256:5794cf59533bc3f1b1c821f7206a3617999db9fbefc345360aafe2e067514929"},
    {file = "kiwisolver-1.4.5-pp39-pypy39_pp73-macosx_10_9_x86_64.whl", hash = "sha256:e368f200bbc2e4f905b8e71eb38b3c04333bddaa6a2464a6355487b02bb7fb09"},
    {file = "kiwisolver-1.4.5-pp39-pypy39_pp73-manylinux_2_12_i686.manylinux2010_i686.manylinux_2_17_i686.manylinux2014_i686.whl", hash = "sha256:e5d706eba36b4c4d5bc6c6377bb6568098765e990cfc21ee16d13963fab7b3e7"},
    {file = "kiwisolver-1.4.5-pp39-pypy39_pp73-manylinux_2_17_aarch64.manylinux2014_aarch64.whl", hash = "sha256:85267bd1aa8880a9c88a8cb71e18d3d64d2751a790e6ca6c27b8ccc724bcd5ad"},
    {file = "kiwisolver-1.4.5-pp39-pypy39_pp73-manylinux_2_17_x86_64.manylinux2014_x86_64.whl", hash = "sha256:210ef2c3a1f03272649aff1ef992df2e724748918c4bc2d5a90352849eb40bea"},
    {file = "kiwisolver-1.4.5-pp39-pypy39_pp73-win_amd64.whl", hash = "sha256:11d011a7574eb3b82bcc9c1a1d35c1d7075677fdd15de527d91b46bd35e935ee"},
    {file = "kiwisolver-1.4.5.tar.gz", hash = "sha256:e57e563a57fb22a142da34f38acc2fc1a5c864bc29ca1517a88abc963e60d6ec"},
]

[[package]]
name = "matplotlib"
version = "3.8.3"
requires_python = ">=3.9"
summary = "Python plotting package"
groups = ["default"]
dependencies = [
    "contourpy>=1.0.1",
    "cycler>=0.10",
    "fonttools>=4.22.0",
    "kiwisolver>=1.3.1",
    "numpy<2,>=1.21",
    "packaging>=20.0",
    "pillow>=8",
    "pyparsing>=2.3.1",
    "python-dateutil>=2.7",
]
files = [
    {file = "matplotlib-3.8.3-cp312-cp312-macosx_10_12_x86_64.whl", hash = "sha256:09074f8057917d17ab52c242fdf4916f30e99959c1908958b1fc6032e2d0f6d4"},
    {file = "matplotlib-3.8.3-cp312-cp312-macosx_11_0_arm64.whl", hash = "sha256:5745f6d0fb5acfabbb2790318db03809a253096e98c91b9a31969df28ee604aa"},
    {file = "matplotlib-3.8.3-cp312-cp312-manylinux_2_17_aarch64.manylinux2014_aarch64.whl", hash = "sha256:b97653d869a71721b639714b42d87cda4cfee0ee74b47c569e4874c7590c55c5"},
    {file = "matplotlib-3.8.3-cp312-cp312-manylinux_2_17_x86_64.manylinux2014_x86_64.whl", hash = "sha256:242489efdb75b690c9c2e70bb5c6550727058c8a614e4c7716f363c27e10bba1"},
    {file = "matplotlib-3.8.3-cp312-cp312-musllinux_1_1_x86_64.whl", hash = "sha256:83c0653c64b73926730bd9ea14aa0f50f202ba187c307a881673bad4985967b7"},
    {file = "matplotlib-3.8.3-cp312-cp312-win_amd64.whl", hash = "sha256:ef6c1025a570354297d6c15f7d0f296d95f88bd3850066b7f1e7b4f2f4c13a39"},
    {file = "matplotlib-3.8.3-pp39-pypy39_pp73-macosx_10_12_x86_64.whl", hash = "sha256:fa93695d5c08544f4a0dfd0965f378e7afc410d8672816aff1e81be1f45dbf2e"},
    {file = "matplotlib-3.8.3-pp39-pypy39_pp73-manylinux_2_17_x86_64.manylinux2014_x86_64.whl", hash = "sha256:e9764df0e8778f06414b9d281a75235c1e85071f64bb5d71564b97c1306a2afc"},
    {file = "matplotlib-3.8.3-pp39-pypy39_pp73-win_amd64.whl", hash = "sha256:5e431a09e6fab4012b01fc155db0ce6dccacdbabe8198197f523a4ef4805eb26"},
    {file = "matplotlib-3.8.3.tar.gz", hash = "sha256:7b416239e9ae38be54b028abbf9048aff5054a9aba5416bef0bd17f9162ce161"},
]

[[package]]
name = "nibabel"
version = "5.2.1"
requires_python = ">=3.8"
summary = "Access a multitude of neuroimaging data formats"
groups = ["default"]
dependencies = [
    "numpy>=1.20",
    "packaging>=17",
]
files = [
    {file = "nibabel-5.2.1-py3-none-any.whl", hash = "sha256:2cbbc22985f7f9d39d050df47249771dfb8d48447f5e7a993177e4cabfe047f0"},
    {file = "nibabel-5.2.1.tar.gz", hash = "sha256:b6c80b2e728e4bc2b65f1142d9b8d2287a9102a8bf8477e115ef0d8334559975"},
]

[[package]]
name = "numpy"
version = "1.26.4"
requires_python = ">=3.9"
summary = "Fundamental package for array computing in Python"
groups = ["default"]
files = [
    {file = "numpy-1.26.4-cp312-cp312-macosx_10_9_x86_64.whl", hash = "sha256:b3ce300f3644fb06443ee2222c2201dd3a89ea6040541412b8fa189341847218"},
    {file = "numpy-1.26.4-cp312-cp312-macosx_11_0_arm64.whl", hash = "sha256:03a8c78d01d9781b28a6989f6fa1bb2c4f2d51201cf99d3dd875df6fbd96b23b"},
    {file = "numpy-1.26.4-cp312-cp312-manylinux_2_17_aarch64.manylinux2014_aarch64.whl", hash = "sha256:9fad7dcb1aac3c7f0584a5a8133e3a43eeb2fe127f47e3632d43d677c66c102b"},
    {file = "numpy-1.26.4-cp312-cp312-manylinux_2_17_x86_64.manylinux2014_x86_64.whl", hash = "sha256:675d61ffbfa78604709862923189bad94014bef562cc35cf61d3a07bba02a7ed"},
    {file = "numpy-1.26.4-cp312-cp312-musllinux_1_1_aarch64.whl", hash = "sha256:ab47dbe5cc8210f55aa58e4805fe224dac469cde56b9f731a4c098b91917159a"},
    {file = "numpy-1.26.4-cp312-cp312-musllinux_1_1_x86_64.whl", hash = "sha256:1dda2e7b4ec9dd512f84935c5f126c8bd8b9f2fc001e9f54af255e8c5f16b0e0"},
    {file = "numpy-1.26.4-cp312-cp312-win32.whl", hash = "sha256:50193e430acfc1346175fcbdaa28ffec49947a06918b7b92130744e81e640110"},
    {file = "numpy-1.26.4-cp312-cp312-win_amd64.whl", hash = "sha256:08beddf13648eb95f8d867350f6a018a4be2e5ad54c8d8caed89ebca558b2818"},
    {file = "numpy-1.26.4-pp39-pypy39_pp73-macosx_10_9_x86_64.whl", hash = "sha256:afedb719a9dcfc7eaf2287b839d8198e06dcd4cb5d276a3df279231138e83d30"},
    {file = "numpy-1.26.4-pp39-pypy39_pp73-manylinux_2_17_x86_64.manylinux2014_x86_64.whl", hash = "sha256:95a7476c59002f2f6c590b9b7b998306fba6a5aa646b1e22ddfeaf8f78c3a29c"},
    {file = "numpy-1.26.4-pp39-pypy39_pp73-win_amd64.whl", hash = "sha256:7e50d0a0cc3189f9cb0aeb3a6a6af18c16f59f004b866cd2be1c14b36134a4a0"},
    {file = "numpy-1.26.4.tar.gz", hash = "sha256:2a02aba9ed12e4ac4eb3ea9421c420301a0c6460d9830d74a9df87efa4912010"},
]

[[package]]
name = "packaging"
version = "24.0"
requires_python = ">=3.7"
summary = "Core utilities for Python packages"
groups = ["default"]
files = [
    {file = "packaging-24.0-py3-none-any.whl", hash = "sha256:2ddfb553fdf02fb784c234c7ba6ccc288296ceabec964ad2eae3777778130bc5"},
    {file = "packaging-24.0.tar.gz", hash = "sha256:eb82c5e3e56209074766e6885bb04b8c38a0c015d0a30036ebe7ece34c9989e9"},
]

[[package]]
name = "pandas"
version = "2.2.1"
requires_python = ">=3.9"
summary = "Powerful data structures for data analysis, time series, and statistics"
groups = ["default"]
dependencies = [
    "numpy<2,>=1.26.0; python_version >= \"3.12\"",
    "python-dateutil>=2.8.2",
    "pytz>=2020.1",
    "tzdata>=2022.7",
]
files = [
    {file = "pandas-2.2.1-cp312-cp312-macosx_10_9_x86_64.whl", hash = "sha256:88ecb5c01bb9ca927ebc4098136038519aa5d66b44671861ffab754cae75102c"},
    {file = "pandas-2.2.1-cp312-cp312-macosx_11_0_arm64.whl", hash = "sha256:04f6ec3baec203c13e3f8b139fb0f9f86cd8c0b94603ae3ae8ce9a422e9f5bee"},
    {file = "pandas-2.2.1-cp312-cp312-manylinux_2_17_aarch64.manylinux2014_aarch64.whl", hash = "sha256:a935a90a76c44fe170d01e90a3594beef9e9a6220021acfb26053d01426f7dc2"},
    {file = "pandas-2.2.1-cp312-cp312-manylinux_2_17_x86_64.manylinux2014_x86_64.whl", hash = "sha256:c391f594aae2fd9f679d419e9a4d5ba4bce5bb13f6a989195656e7dc4b95c8f0"},
    {file = "pandas-2.2.1-cp312-cp312-musllinux_1_1_aarch64.whl", hash = "sha256:9d1265545f579edf3f8f0cb6f89f234f5e44ba725a34d86535b1a1d38decbccc"},
    {file = "pandas-2.2.1-cp312-cp312-musllinux_1_1_x86_64.whl", hash = "sha256:11940e9e3056576ac3244baef2fedade891977bcc1cb7e5cc8f8cc7d603edc89"},
    {file = "pandas-2.2.1-cp312-cp312-win_amd64.whl", hash = "sha256:4acf681325ee1c7f950d058b05a820441075b0dd9a2adf5c4835b9bc056bf4fb"},
    {file = "pandas-2.2.1.tar.gz", hash = "sha256:0ab90f87093c13f3e8fa45b48ba9f39181046e8f3317d3aadb2fffbb1b978572"},
]

[[package]]
name = "pillow"
version = "10.3.0"
requires_python = ">=3.8"
summary = "Python Imaging Library (Fork)"
groups = ["default"]
files = [
    {file = "pillow-10.3.0-cp312-cp312-macosx_10_10_x86_64.whl", hash = "sha256:e46f38133e5a060d46bd630faa4d9fa0202377495df1f068a8299fd78c84de84"},
    {file = "pillow-10.3.0-cp312-cp312-macosx_11_0_arm64.whl", hash = "sha256:50b8eae8f7334ec826d6eeffaeeb00e36b5e24aa0b9df322c247539714c6df19"},
    {file = "pillow-10.3.0-cp312-cp312-manylinux_2_17_aarch64.manylinux2014_aarch64.whl", hash = "sha256:9d3bea1c75f8c53ee4d505c3e67d8c158ad4df0d83170605b50b64025917f338"},
    {file = "pillow-10.3.0-cp312-cp312-manylinux_2_17_x86_64.manylinux2014_x86_64.whl", hash = "sha256:19aeb96d43902f0a783946a0a87dbdad5c84c936025b8419da0a0cd7724356b1"},
    {file = "pillow-10.3.0-cp312-cp312-manylinux_2_28_aarch64.whl", hash = "sha256:74d28c17412d9caa1066f7a31df8403ec23d5268ba46cd0ad2c50fb82ae40462"},
    {file = "pillow-10.3.0-cp312-cp312-manylinux_2_28_x86_64.whl", hash = "sha256:ff61bfd9253c3915e6d41c651d5f962da23eda633cf02262990094a18a55371a"},
    {file = "pillow-10.3.0-cp312-cp312-musllinux_1_1_aarch64.whl", hash = "sha256:d886f5d353333b4771d21267c7ecc75b710f1a73d72d03ca06df49b09015a9ef"},
    {file = "pillow-10.3.0-cp312-cp312-musllinux_1_1_x86_64.whl", hash = "sha256:4b5ec25d8b17217d635f8935dbc1b9aa5907962fae29dff220f2659487891cd3"},
    {file = "pillow-10.3.0-cp312-cp312-win32.whl", hash = "sha256:51243f1ed5161b9945011a7360e997729776f6e5d7005ba0c6879267d4c5139d"},
    {file = "pillow-10.3.0-cp312-cp312-win_amd64.whl", hash = "sha256:412444afb8c4c7a6cc11a47dade32982439925537e483be7c0ae0cf96c4f6a0b"},
    {file = "pillow-10.3.0-cp312-cp312-win_arm64.whl", hash = "sha256:798232c92e7665fe82ac085f9d8e8ca98826f8e27859d9a96b41d519ecd2e49a"},
    {file = "pillow-10.3.0-pp310-pypy310_pp73-macosx_10_10_x86_64.whl", hash = "sha256:6b02471b72526ab8a18c39cb7967b72d194ec53c1fd0a70b050565a0f366d355"},
    {file = "pillow-10.3.0-pp310-pypy310_pp73-macosx_11_0_arm64.whl", hash = "sha256:8ab74c06ffdab957d7670c2a5a6e1a70181cd10b727cd788c4dd9005b6a8acd9"},
    {file = "pillow-10.3.0-pp310-pypy310_pp73-manylinux_2_17_aarch64.manylinux2014_aarch64.whl", hash = "sha256:048eeade4c33fdf7e08da40ef402e748df113fd0b4584e32c4af74fe78baaeb2"},
    {file = "pillow-10.3.0-pp310-pypy310_pp73-manylinux_2_17_x86_64.manylinux2014_x86_64.whl", hash = "sha256:9e2ec1e921fd07c7cda7962bad283acc2f2a9ccc1b971ee4b216b75fad6f0463"},
    {file = "pillow-10.3.0-pp310-pypy310_pp73-manylinux_2_28_aarch64.whl", hash = "sha256:4c8e73e99da7db1b4cad7f8d682cf6abad7844da39834c288fbfa394a47bbced"},
    {file = "pillow-10.3.0-pp310-pypy310_pp73-manylinux_2_28_x86_64.whl", hash = "sha256:16563993329b79513f59142a6b02055e10514c1a8e86dca8b48a893e33cf91e3"},
    {file = "pillow-10.3.0-pp310-pypy310_pp73-win_amd64.whl", hash = "sha256:dd78700f5788ae180b5ee8902c6aea5a5726bac7c364b202b4b3e3ba2d293170"},
    {file = "pillow-10.3.0-pp39-pypy39_pp73-macosx_10_10_x86_64.whl", hash = "sha256:aff76a55a8aa8364d25400a210a65ff59d0168e0b4285ba6bf2bd83cf675ba32"},
    {file = "pillow-10.3.0-pp39-pypy39_pp73-macosx_11_0_arm64.whl", hash = "sha256:b7bc2176354defba3edc2b9a777744462da2f8e921fbaf61e52acb95bafa9828"},
    {file = "pillow-10.3.0-pp39-pypy39_pp73-manylinux_2_17_aarch64.manylinux2014_aarch64.whl", hash = "sha256:793b4e24db2e8742ca6423d3fde8396db336698c55cd34b660663ee9e45ed37f"},
    {file = "pillow-10.3.0-pp39-pypy39_pp73-manylinux_2_17_x86_64.manylinux2014_x86_64.whl", hash = "sha256:d93480005693d247f8346bc8ee28c72a2191bdf1f6b5db469c096c0c867ac015"},
    {file = "pillow-10.3.0-pp39-pypy39_pp73-manylinux_2_28_aarch64.whl", hash = "sha256:c83341b89884e2b2e55886e8fbbf37c3fa5efd6c8907124aeb72f285ae5696e5"},
    {file = "pillow-10.3.0-pp39-pypy39_pp73-manylinux_2_28_x86_64.whl", hash = "sha256:1a1d1915db1a4fdb2754b9de292642a39a7fb28f1736699527bb649484fb966a"},
    {file = "pillow-10.3.0-pp39-pypy39_pp73-win_amd64.whl", hash = "sha256:a0eaa93d054751ee9964afa21c06247779b90440ca41d184aeb5d410f20ff591"},
    {file = "pillow-10.3.0.tar.gz", hash = "sha256:9d2455fbf44c914840c793e89aa82d0e1763a14253a000743719ae5946814b2d"},
]

[[package]]
name = "pyparsing"
version = "3.1.2"
requires_python = ">=3.6.8"
summary = "pyparsing module - Classes and methods to define and execute parsing grammars"
groups = ["default"]
files = [
    {file = "pyparsing-3.1.2-py3-none-any.whl", hash = "sha256:f9db75911801ed778fe61bb643079ff86601aca99fcae6345aa67292038fb742"},
    {file = "pyparsing-3.1.2.tar.gz", hash = "sha256:a1bac0ce561155ecc3ed78ca94d3c9378656ad4c94c1270de543f621420f94ad"},
]

[[package]]
name = "python-dateutil"
version = "2.9.0.post0"
requires_python = "!=3.0.*,!=3.1.*,!=3.2.*,>=2.7"
summary = "Extensions to the standard Python datetime module"
groups = ["default"]
dependencies = [
    "six>=1.5",
]
files = [
    {file = "python-dateutil-2.9.0.post0.tar.gz", hash = "sha256:37dd54208da7e1cd875388217d5e00ebd4179249f90fb72437e91a35459a0ad3"},
    {file = "python_dateutil-2.9.0.post0-py2.py3-none-any.whl", hash = "sha256:a8b2bc7bffae282281c8140a97d3aa9c14da0b136dfe83f850eea9a5f7470427"},
]

[[package]]
name = "pytz"
version = "2024.1"
summary = "World timezone definitions, modern and historical"
groups = ["default"]
files = [
    {file = "pytz-2024.1-py2.py3-none-any.whl", hash = "sha256:328171f4e3623139da4983451950b28e95ac706e13f3f2630a879749e7a8b319"},
    {file = "pytz-2024.1.tar.gz", hash = "sha256:2a29735ea9c18baf14b448846bde5a48030ed267578472d8955cd0e7443a9812"},
]

[[package]]
name = "pyyaml"
version = "6.0.1"
requires_python = ">=3.6"
summary = "YAML parser and emitter for Python"
groups = ["default"]
files = [
    {file = "PyYAML-6.0.1-cp312-cp312-macosx_10_9_x86_64.whl", hash = "sha256:855fb52b0dc35af121542a76b9a84f8d1cd886ea97c84703eaa6d88e37a2ad28"},
    {file = "PyYAML-6.0.1-cp312-cp312-macosx_11_0_arm64.whl", hash = "sha256:40df9b996c2b73138957fe23a16a4f0ba614f4c0efce1e9406a184b6d07fa3a9"},
    {file = "PyYAML-6.0.1-cp312-cp312-manylinux_2_17_aarch64.manylinux2014_aarch64.whl", hash = "sha256:a08c6f0fe150303c1c6b71ebcd7213c2858041a7e01975da3a99aed1e7a378ef"},
    {file = "PyYAML-6.0.1-cp312-cp312-manylinux_2_17_x86_64.manylinux2014_x86_64.whl", hash = "sha256:6c22bec3fbe2524cde73d7ada88f6566758a8f7227bfbf93a408a9d86bcc12a0"},
    {file = "PyYAML-6.0.1-cp312-cp312-musllinux_1_1_x86_64.whl", hash = "sha256:8d4e9c88387b0f5c7d5f281e55304de64cf7f9c0021a3525bd3b1c542da3b0e4"},
    {file = "PyYAML-6.0.1-cp312-cp312-win32.whl", hash = "sha256:d483d2cdf104e7c9fa60c544d92981f12ad66a457afae824d146093b8c294c54"},
    {file = "PyYAML-6.0.1-cp312-cp312-win_amd64.whl", hash = "sha256:0d3304d8c0adc42be59c5f8a4d9e3d7379e6955ad754aa9d6ab7a398b59dd1df"},
    {file = "PyYAML-6.0.1.tar.gz", hash = "sha256:bfdf460b1736c775f2ba9f6a92bca30bc2095067b8a9d77876d1fad6cc3b4a43"},
]

[[package]]
name = "scikit-learn"
version = "1.4.1.post1"
requires_python = ">=3.9"
summary = "A set of python modules for machine learning and data mining"
groups = ["default"]
dependencies = [
    "joblib>=1.2.0",
    "numpy<2.0,>=1.19.5",
    "scipy>=1.6.0",
    "threadpoolctl>=2.0.0",
]
files = [
    {file = "scikit-learn-1.4.1.post1.tar.gz", hash = "sha256:93d3d496ff1965470f9977d05e5ec3376fb1e63b10e4fda5e39d23c2d8969a30"},
    {file = "scikit_learn-1.4.1.post1-cp312-cp312-macosx_10_9_x86_64.whl", hash = "sha256:a1e289f33f613cefe6707dead50db31930530dc386b6ccff176c786335a7b01c"},
    {file = "scikit_learn-1.4.1.post1-cp312-cp312-macosx_12_0_arm64.whl", hash = "sha256:0df87de9ce1c0140f2818beef310fb2e2afdc1e66fc9ad587965577f17733649"},
    {file = "scikit_learn-1.4.1.post1-cp312-cp312-manylinux_2_17_aarch64.manylinux2014_aarch64.whl", hash = "sha256:712c1c69c45b58ef21635360b3d0a680ff7d83ac95b6f9b82cf9294070cda710"},
    {file = "scikit_learn-1.4.1.post1-cp312-cp312-manylinux_2_17_x86_64.manylinux2014_x86_64.whl", hash = "sha256:1754b0c2409d6ed5a3380512d0adcf182a01363c669033a2b55cca429ed86a81"},
    {file = "scikit_learn-1.4.1.post1-cp312-cp312-win_amd64.whl", hash = "sha256:1d491ef66e37f4e812db7e6c8286520c2c3fc61b34bf5e59b67b4ce528de93af"},
]

[[package]]
name = "scipy"
version = "1.13.0"
requires_python = ">=3.9"
summary = "Fundamental algorithms for scientific computing in Python"
groups = ["default"]
dependencies = [
    "numpy<2.3,>=1.22.4",
]
files = [
    {file = "scipy-1.13.0-cp312-cp312-macosx_10_9_x86_64.whl", hash = "sha256:d0de696f589681c2802f9090fff730c218f7c51ff49bf252b6a97ec4a5d19e8b"},
    {file = "scipy-1.13.0-cp312-cp312-macosx_12_0_arm64.whl", hash = "sha256:b2a3ff461ec4756b7e8e42e1c681077349a038f0686132d623fa404c0bee2551"},
    {file = "scipy-1.13.0-cp312-cp312-manylinux_2_17_aarch64.manylinux2014_aarch64.whl", hash = "sha256:6bf9fe63e7a4bf01d3645b13ff2aa6dea023d38993f42aaac81a18b1bda7a82a"},
    {file = "scipy-1.13.0-cp312-cp312-manylinux_2_17_x86_64.manylinux2014_x86_64.whl", hash = "sha256:1e7626dfd91cdea5714f343ce1176b6c4745155d234f1033584154f60ef1ff42"},
    {file = "scipy-1.13.0-cp312-cp312-musllinux_1_1_x86_64.whl", hash = "sha256:109d391d720fcebf2fbe008621952b08e52907cf4c8c7efc7376822151820820"},
    {file = "scipy-1.13.0-cp312-cp312-win_amd64.whl", hash = "sha256:8930ae3ea371d6b91c203b1032b9600d69c568e537b7988a3073dfe4d4774f21"},
    {file = "scipy-1.13.0.tar.gz", hash = "sha256:58569af537ea29d3f78e5abd18398459f195546bb3be23d16677fb26616cc11e"},
]

[[package]]
name = "six"
version = "1.16.0"
requires_python = ">=2.7, !=3.0.*, !=3.1.*, !=3.2.*"
summary = "Python 2 and 3 compatibility utilities"
groups = ["default"]
files = [
    {file = "six-1.16.0-py2.py3-none-any.whl", hash = "sha256:8abb2f1d86890a2dfb989f9a77cfcfd3e47c2a354b01111771326f8aa26e0254"},
    {file = "six-1.16.0.tar.gz", hash = "sha256:1e61c37477a1626458e36f7b1d82aa5c9b094fa4802892072e49de9c60c4c926"},
]

[[package]]
name = "surfplot"
version = "0.2.0"
requires_python = ">=3.7.0"
summary = "A package for publication-ready brain surface figures"
groups = ["default"]
dependencies = [
    "brainspace>=0.1.1",
    "matplotlib>=3.4.2",
    "nibabel",
    "numpy>=1.14.0",
    "scipy>=0.17",
    "vtk>=8.1.0",
]
files = [
    {file = "surfplot-0.2.0-py3-none-any.whl", hash = "sha256:cec0cc4283406898ef0c92e7c952dddc0f77993a8c05a6ceb9974a556a228ab8"},
    {file = "surfplot-0.2.0.tar.gz", hash = "sha256:1dd4ae3943860b1756f97e6acb10decc6e0411637a9d3ab4d365c4df99bb7bad"},
]

[[package]]
name = "threadpoolctl"
version = "3.4.0"
requires_python = ">=3.8"
summary = "threadpoolctl"
groups = ["default"]
files = [
    {file = "threadpoolctl-3.4.0-py3-none-any.whl", hash = "sha256:8f4c689a65b23e5ed825c8436a92b818aac005e0f3715f6a1664d7c7ee29d262"},
    {file = "threadpoolctl-3.4.0.tar.gz", hash = "sha256:f11b491a03661d6dd7ef692dd422ab34185d982466c49c8f98c8f716b5c93196"},
]

[[package]]
name = "toml"
version = "0.10.2"
requires_python = ">=2.6, !=3.0.*, !=3.1.*, !=3.2.*"
summary = "Python Library for Tom's Obvious, Minimal Language"
groups = ["default"]
files = [
    {file = "toml-0.10.2-py2.py3-none-any.whl", hash = "sha256:806143ae5bfb6a3c6e736a764057db0e6a0e05e338b5630894a5f779cabb4f9b"},
    {file = "toml-0.10.2.tar.gz", hash = "sha256:b3bda1d108d5dd99f4a20d24d9c348e91c4db7ab1b749200bded2f839ccbe68f"},
]

[[package]]
name = "tzdata"
version = "2024.1"
requires_python = ">=2"
summary = "Provider of IANA time zone data"
groups = ["default"]
files = [
    {file = "tzdata-2024.1-py2.py3-none-any.whl", hash = "sha256:9068bc196136463f5245e51efda838afa15aaeca9903f49050dfa2679db4d252"},
    {file = "tzdata-2024.1.tar.gz", hash = "sha256:2674120f8d891909751c38abcdfd386ac0a5a1127954fbc332af6b5ceae07efd"},
]

[[package]]
name = "vtk"
version = "9.3.0"
summary = "VTK is an open-source toolkit for 3D computer graphics, image processing, and visualization"
groups = ["default"]
dependencies = [
    "matplotlib>=2.0.0",
]
files = [
    {file = "vtk-9.3.0-cp312-cp312-macosx_10_10_x86_64.whl", hash = "sha256:94678fa0476e113500f3b99e9692b92b83a5b058caace7bac3b5f780b12b36ed"},
    {file = "vtk-9.3.0-cp312-cp312-macosx_11_0_arm64.whl", hash = "sha256:371b96afca3ed41a0bf1cd80a42f4b906ca2f470a13df32f39b22a9169d996d7"},
    {file = "vtk-9.3.0-cp312-cp312-manylinux_2_17_x86_64.manylinux2014_x86_64.whl", hash = "sha256:5cfa8d73acbab386b9d6ef8a1a01149fd096a21a23547f10bf0cf98d88300724"},
    {file = "vtk-9.3.0-cp312-cp312-win_amd64.whl", hash = "sha256:75d27b73270a42923ebefd87a8522f7717618c36825b8058c4d3aa8e64d6145d"},
]
